
Microsoft Visual Studio Solution File, Format Version 12.00
# Visual Studio 15
VisualStudioVersion = 15.0.28307.102
MinimumVisualStudioVersion = 10.0.40219.1
Project("{FAE04EC0-301F-11D3-BF4B-00C04F79EFBC}") = "CaptureHDRLoop", "CaptureHDRLoop\CaptureHDRLoop.csproj", "{A8F62944-766D-4809-97AF-97AAF7F1EB9E}"
EndProject
Global
	GlobalSection(SolutionConfigurationPlatforms) = preSolution
		Debug|Any CPU = Debug|Any CPU
		Release|Any CPU = Release|Any CPU
	EndGlobalSection
	GlobalSection(ProjectConfigurationPlatforms) = postSolution
		{A8F62944-766D-4809-97AF-97AAF7F1EB9E}.Debug|Any CPU.ActiveCfg = Debug|Any CPU
		{A8F62944-766D-4809-97AF-97AAF7F1EB9E}.Debug|Any CPU.Build.0 = Debug|Any CPU
		{A8F62944-766D-4809-97AF-97AAF7F1EB9E}.Release|Any CPU.ActiveCfg = Release|Any CPU
		{A8F62944-766D-4809-97AF-97AAF7F1EB9E}.Release|Any CPU.Build.0 = Release|Any CPU
	EndGlobalSection
	GlobalSection(SolutionProperties) = preSolution
		HideSolutionNode = FALSE
	EndGlobalSection
	GlobalSection(ExtensibilityGlobals) = postSolution
		SolutionGuid = {E540CC24-9F77-4861-9A73-46907A87F072}
	EndGlobalSection
EndGlobal
