
Microsoft Visual Studio Solution File, Format Version 12.00
# Visual Studio 15
VisualStudioVersion = 15.0.28307.102
MinimumVisualStudioVersion = 10.0.40219.1
Project("{FAE04EC0-301F-11D3-BF4B-00C04F79EFBC}") = "ConnectToSerialNumberCamera", "ConnectToSerialNumberCamera\ConnectToSerialNumberCamera.csproj", "{84F26AD6-77DF-4050-9D58-8136A4F9A55E}"
EndProject
Global
	GlobalSection(SolutionConfigurationPlatforms) = preSolution
		Debug|Any CPU = Debug|Any CPU
		Release|Any CPU = Release|Any CPU
	EndGlobalSection
	GlobalSection(ProjectConfigurationPlatforms) = postSolution
		{84F26AD6-77DF-4050-9D58-8136A4F9A55E}.Debug|Any CPU.ActiveCfg = Debug|Any CPU
		{84F26AD6-77DF-4050-9D58-8136A4F9A55E}.Debug|Any CPU.Build.0 = Debug|Any CPU
		{84F26AD6-77DF-4050-9D58-8136A4F9A55E}.Release|Any CPU.ActiveCfg = Release|Any CPU
		{84F26AD6-77DF-4050-9D58-8136A4F9A55E}.Release|Any CPU.Build.0 = Release|Any CPU
	EndGlobalSection
	GlobalSection(SolutionProperties) = preSolution
		HideSolutionNode = FALSE
	EndGlobalSection
	GlobalSection(ExtensibilityGlobals) = postSolution
		SolutionGuid = {2341D513-A56A-46E4-B584-4D6DCE2A063B}
	EndGlobalSection
EndGlobal
